// !$*UTF8*$!
{
	archiveVersion = 1;
	classes = {
	};
	objectVersion = 46;
	objects = {

/* Begin PBXBuildFile section */
		A14D6A8D1F6821C300E91C4A /* Feeds+CoreDataProperties.m in Sources */ = {isa = PBXBuildFile; fileRef = A14D6A8A1F6821C300E91C4A /* Feeds+CoreDataProperties.m */; };
		A14D6A8E1F6821C300E91C4A /* Feeds.m in Sources */ = {isa = PBXBuildFile; fileRef = A14D6A8C1F6821C300E91C4A /* Feeds.m */; };
		A14D6A911F6828B400E91C4A /* ServiceManagerClass.m in Sources */ = {isa = PBXBuildFile; fileRef = A14D6A901F6828B400E91C4A /* ServiceManagerClass.m */; };
		A14D6A991F685C7700E91C4A /* CollectionItemOneCell.m in Sources */ = {isa = PBXBuildFile; fileRef = A14D6A981F685C7700E91C4A /* CollectionItemOneCell.m */; };
		A18B36E81F68C8BD00D034D8 /* images.jpeg in Resources */ = {isa = PBXBuildFile; fileRef = A18B36E71F68C8BD00D034D8 /* images.jpeg */; };
		A18B37061F68E44900D034D8 /* ImageIO.framework in Frameworks */ = {isa = PBXBuildFile; fileRef = A18B37051F68E44900D034D8 /* ImageIO.framework */; };
		A18B38271F68EAFA00D034D8 /* SDWebImage.framework in Frameworks */ = {isa = PBXBuildFile; fileRef = A18B38261F68EAFA00D034D8 /* SDWebImage.framework */; };
		A1B6BD981F653490007BA46B /* main.m in Sources */ = {isa = PBXBuildFile; fileRef = A1B6BD971F653490007BA46B /* main.m */; };
		A1B6BD9B1F653490007BA46B /* AppDelegate.m in Sources */ = {isa = PBXBuildFile; fileRef = A1B6BD9A1F653490007BA46B /* AppDelegate.m */; };
		A1B6BD9E1F653490007BA46B /* ViewController.m in Sources */ = {isa = PBXBuildFile; fileRef = A1B6BD9D1F653490007BA46B /* ViewController.m */; };
		A1B6BDA11F653490007BA46B /* Main.storyboard in Resources */ = {isa = PBXBuildFile; fileRef = A1B6BD9F1F653490007BA46B /* Main.storyboard */; };
		A1B6BDA41F653490007BA46B /* pterakTestAssignment.xcdatamodeld in Sources */ = {isa = PBXBuildFile; fileRef = A1B6BDA21F653490007BA46B /* pterakTestAssignment.xcdatamodeld */; };
		A1B6BDA61F653490007BA46B /* Assets.xcassets in Resources */ = {isa = PBXBuildFile; fileRef = A1B6BDA51F653490007BA46B /* Assets.xcassets */; };
		A1B6BDA91F653490007BA46B /* LaunchScreen.storyboard in Resources */ = {isa = PBXBuildFile; fileRef = A1B6BDA71F653490007BA46B /* LaunchScreen.storyboard */; };
		A1B6BDB21F653AB1007BA46B /* CoreDataBaseClass.m in Sources */ = {isa = PBXBuildFile; fileRef = A1B6BDB11F653AB1007BA46B /* CoreDataBaseClass.m */; };
		A1B6BDBB1F655248007BA46B /* Reachability.m in Sources */ = {isa = PBXBuildFile; fileRef = A1B6BDBA1F655248007BA46B /* Reachability.m */; };
/* End PBXBuildFile section */

/* Begin PBXFileReference section */
		A14D6A821F67CF5F00E91C4A /* Constant.h */ = {isa = PBXFileReference; lastKnownFileType = sourcecode.c.h; path = Constant.h; sourceTree = "<group>"; };
		A14D6A891F6821C300E91C4A /* Feeds+CoreDataProperties.h */ = {isa = PBXFileReference; fileEncoding = 4; lastKnownFileType = sourcecode.c.h; name = "Feeds+CoreDataProperties.h"; path = "CoreData/Feeds+CoreDataProperties.h"; sourceTree = "<group>"; };
		A14D6A8A1F6821C300E91C4A /* Feeds+CoreDataProperties.m */ = {isa = PBXFileReference; fileEncoding = 4; lastKnownFileType = sourcecode.c.objc; name = "Feeds+CoreDataProperties.m"; path = "CoreData/Feeds+CoreDataProperties.m"; sourceTree = "<group>"; };
		A14D6A8B1F6821C300E91C4A /* Feeds.h */ = {isa = PBXFileReference; fileEncoding = 4; lastKnownFileType = sourcecode.c.h; name = Feeds.h; path = CoreData/Feeds.h; sourceTree = "<group>"; };
		A14D6A8C1F6821C300E91C4A /* Feeds.m */ = {isa = PBXFileReference; fileEncoding = 4; lastKnownFileType = sourcecode.c.objc; name = Feeds.m; path = CoreData/Feeds.m; sourceTree = "<group>"; };
		A14D6A8F1F6828B400E91C4A /* ServiceManagerClass.h */ = {isa = PBXFileReference; fileEncoding = 4; lastKnownFileType = sourcecode.c.h; name = ServiceManagerClass.h; path = pterakTestAssignment/ServiceManager/ServiceManagerClass.h; sourceTree = SOURCE_ROOT; };
		A14D6A901F6828B400E91C4A /* ServiceManagerClass.m */ = {isa = PBXFileReference; fileEncoding = 4; lastKnownFileType = sourcecode.c.objc; name = ServiceManagerClass.m; path = pterakTestAssignment/ServiceManager/ServiceManagerClass.m; sourceTree = SOURCE_ROOT; };
		A14D6A971F685C7700E91C4A /* CollectionItemOneCell.h */ = {isa = PBXFileReference; fileEncoding = 4; lastKnownFileType = sourcecode.c.h; name = CollectionItemOneCell.h; path = CollectionViewCells/CollectionItemOneCell.h; sourceTree = "<group>"; };
		A14D6A981F685C7700E91C4A /* CollectionItemOneCell.m */ = {isa = PBXFileReference; fileEncoding = 4; lastKnownFileType = sourcecode.c.objc; name = CollectionItemOneCell.m; path = CollectionViewCells/CollectionItemOneCell.m; sourceTree = "<group>"; };
		A18B36E71F68C8BD00D034D8 /* images.jpeg */ = {isa = PBXFileReference; lastKnownFileType = image.jpeg; path = images.jpeg; sourceTree = "<group>"; };
		A18B37051F68E44900D034D8 /* ImageIO.framework */ = {isa = PBXFileReference; lastKnownFileType = wrapper.framework; name = ImageIO.framework; path = System/Library/Frameworks/ImageIO.framework; sourceTree = SDKROOT; };
		A18B38261F68EAFA00D034D8 /* SDWebImage.framework */ = {isa = PBXFileReference; lastKnownFileType = wrapper.framework; path = SDWebImage.framework; sourceTree = "<group>"; };
		A1B6BD931F653490007BA46B /* pterakTestAssignment.app */ = {isa = PBXFileReference; explicitFileType = wrapper.application; includeInIndex = 0; path = pterakTestAssignment.app; sourceTree = BUILT_PRODUCTS_DIR; };
		A1B6BD971F653490007BA46B /* main.m */ = {isa = PBXFileReference; lastKnownFileType = sourcecode.c.objc; path = main.m; sourceTree = "<group>"; };
		A1B6BD991F653490007BA46B /* AppDelegate.h */ = {isa = PBXFileReference; lastKnownFileType = sourcecode.c.h; path = AppDelegate.h; sourceTree = "<group>"; };
		A1B6BD9A1F653490007BA46B /* AppDelegate.m */ = {isa = PBXFileReference; lastKnownFileType = sourcecode.c.objc; path = AppDelegate.m; sourceTree = "<group>"; };
		A1B6BD9C1F653490007BA46B /* ViewController.h */ = {isa = PBXFileReference; lastKnownFileType = sourcecode.c.h; path = ViewController.h; sourceTree = "<group>"; };
		A1B6BD9D1F653490007BA46B /* ViewController.m */ = {isa = PBXFileReference; lastKnownFileType = sourcecode.c.objc; path = ViewController.m; sourceTree = "<group>"; };
		A1B6BDA01F653490007BA46B /* Base */ = {isa = PBXFileReference; lastKnownFileType = file.storyboard; name = Base; path = Base.lproj/Main.storyboard; sourceTree = "<group>"; };
		A1B6BDA31F653490007BA46B /* pterakTestAssignment.xcdatamodel */ = {isa = PBXFileReference; lastKnownFileType = wrapper.xcdatamodel; path = pterakTestAssignment.xcdatamodel; sourceTree = "<group>"; };
		A1B6BDA51F653490007BA46B /* Assets.xcassets */ = {isa = PBXFileReference; lastKnownFileType = folder.assetcatalog; path = Assets.xcassets; sourceTree = "<group>"; };
		A1B6BDA81F653490007BA46B /* Base */ = {isa = PBXFileReference; lastKnownFileType = file.storyboard; name = Base; path = Base.lproj/LaunchScreen.storyboard; sourceTree = "<group>"; };
		A1B6BDAA1F653490007BA46B /* Info.plist */ = {isa = PBXFileReference; lastKnownFileType = text.plist.xml; path = Info.plist; sourceTree = "<group>"; };
		A1B6BDB01F653AB1007BA46B /* CoreDataBaseClass.h */ = {isa = PBXFileReference; fileEncoding = 4; lastKnownFileType = sourcecode.c.h; name = CoreDataBaseClass.h; path = CoreData/CoreDataBaseClass.h; sourceTree = "<group>"; };
		A1B6BDB11F653AB1007BA46B /* CoreDataBaseClass.m */ = {isa = PBXFileReference; fileEncoding = 4; lastKnownFileType = sourcecode.c.objc; name = CoreDataBaseClass.m; path = CoreData/CoreDataBaseClass.m; sourceTree = "<group>"; };
		A1B6BDB91F655248007BA46B /* Reachability.h */ = {isa = PBXFileReference; fileEncoding = 4; lastKnownFileType = sourcecode.c.h; path = Reachability.h; sourceTree = "<group>"; };
		A1B6BDBA1F655248007BA46B /* Reachability.m */ = {isa = PBXFileReference; fileEncoding = 4; lastKnownFileType = sourcecode.c.objc; path = Reachability.m; sourceTree = "<group>"; };
/* End PBXFileReference section */

/* Begin PBXFrameworksBuildPhase section */
		A1B6BD901F65348F007BA46B /* Frameworks */ = {
			isa = PBXFrameworksBuildPhase;
			buildActionMask = 2147483647;
			files = (
				A18B38271F68EAFA00D034D8 /* SDWebImage.framework in Frameworks */,
				A18B37061F68E44900D034D8 /* ImageIO.framework in Frameworks */,
			);
			runOnlyForDeploymentPostprocessing = 0;
		};
/* End PBXFrameworksBuildPhase section */

/* Begin PBXGroup section */
		A14D6A921F6840F500E91C4A /* ViewControllers */ = {
			isa = PBXGroup;
			children = (
				A1B6BD9C1F653490007BA46B /* ViewController.h */,
				A1B6BD9D1F653490007BA46B /* ViewController.m */,
				A14D6A971F685C7700E91C4A /* CollectionItemOneCell.h */,
				A14D6A981F685C7700E91C4A /* CollectionItemOneCell.m */,
			);
			name = ViewControllers;
			sourceTree = "<group>";
		};
		A14D6A931F68411000E91C4A /* AppDelegate */ = {
			isa = PBXGroup;
			children = (
				A1B6BD991F653490007BA46B /* AppDelegate.h */,
				A1B6BD9A1F653490007BA46B /* AppDelegate.m */,
			);
			name = AppDelegate;
			sourceTree = "<group>";
		};
		A1B6BD8A1F65348F007BA46B = {
			isa = PBXGroup;
			children = (
				A18B38261F68EAFA00D034D8 /* SDWebImage.framework */,
				A1B6BD951F653490007BA46B /* pterakTestAssignment */,
				A1B6BD941F653490007BA46B /* Products */,
			);
			sourceTree = "<group>";
		};
		A1B6BD941F653490007BA46B /* Products */ = {
			isa = PBXGroup;
			children = (
				A1B6BD931F653490007BA46B /* pterakTestAssignment.app */,
			);
			name = Products;
			sourceTree = "<group>";
		};
		A1B6BD951F653490007BA46B /* pterakTestAssignment */ = {
			isa = PBXGroup;
			children = (
				A18B36E71F68C8BD00D034D8 /* images.jpeg */,
				A14D6A821F67CF5F00E91C4A /* Constant.h */,
				A14D6A931F68411000E91C4A /* AppDelegate */,
				A14D6A921F6840F500E91C4A /* ViewControllers */,
				A1B6BDB81F655248007BA46B /* Reachability */,
				A1B6BDB31F653AC8007BA46B /* CoreData */,
				A1B6BD9F1F653490007BA46B /* Main.storyboard */,
				A1B6BDA51F653490007BA46B /* Assets.xcassets */,
				A1B6BDA71F653490007BA46B /* LaunchScreen.storyboard */,
				A1B6BDAA1F653490007BA46B /* Info.plist */,
				A1B6BD961F653490007BA46B /* Supporting Files */,
			);
			path = pterakTestAssignment;
			sourceTree = "<group>";
		};
		A1B6BD961F653490007BA46B /* Supporting Files */ = {
			isa = PBXGroup;
			children = (
				A18B37051F68E44900D034D8 /* ImageIO.framework */,
				A1B6BD971F653490007BA46B /* main.m */,
			);
			name = "Supporting Files";
			sourceTree = "<group>";
		};
		A1B6BDB31F653AC8007BA46B /* CoreData */ = {
			isa = PBXGroup;
			children = (
				A1B6BDA21F653490007BA46B /* pterakTestAssignment.xcdatamodeld */,
				A1B6BDB01F653AB1007BA46B /* CoreDataBaseClass.h */,
				A1B6BDB11F653AB1007BA46B /* CoreDataBaseClass.m */,
				A14D6A891F6821C300E91C4A /* Feeds+CoreDataProperties.h */,
				A14D6A8A1F6821C300E91C4A /* Feeds+CoreDataProperties.m */,
				A14D6A8B1F6821C300E91C4A /* Feeds.h */,
				A14D6A8C1F6821C300E91C4A /* Feeds.m */,
			);
			name = CoreData;
			sourceTree = "<group>";
		};
		A1B6BDB81F655248007BA46B /* Reachability */ = {
			isa = PBXGroup;
			children = (
				A1B6BDB91F655248007BA46B /* Reachability.h */,
				A1B6BDBA1F655248007BA46B /* Reachability.m */,
				A14D6A8F1F6828B400E91C4A /* ServiceManagerClass.h */,
				A14D6A901F6828B400E91C4A /* ServiceManagerClass.m */,
			);
			name = Reachability;
			path = ServiceManager/Reachability;
			sourceTree = "<group>";
		};
/* End PBXGroup section */

/* Begin PBXNativeTarget section */
		A1B6BD921F65348F007BA46B /* pterakTestAssignment */ = {
			isa = PBXNativeTarget;
			buildConfigurationList = A1B6BDAD1F653490007BA46B /* Build configuration list for PBXNativeTarget "pterakTestAssignment" */;
			buildPhases = (
				A1B6BD8F1F65348F007BA46B /* Sources */,
				A1B6BD901F65348F007BA46B /* Frameworks */,
				A1B6BD911F65348F007BA46B /* Resources */,
			);
			buildRules = (
			);
			dependencies = (
			);
			name = pterakTestAssignment;
			productName = pterakTestAssignment;
			productReference = A1B6BD931F653490007BA46B /* pterakTestAssignment.app */;
			productType = "com.apple.product-type.application";
		};
/* End PBXNativeTarget section */

/* Begin PBXProject section */
		A1B6BD8B1F65348F007BA46B /* Project object */ = {
			isa = PBXProject;
			attributes = {
				LastUpgradeCheck = 0720;
				ORGANIZATIONNAME = "Prerak Thakkar";
				TargetAttributes = {
					A1B6BD921F65348F007BA46B = {
						CreatedOnToolsVersion = 7.2.1;
						DevelopmentTeam = BQT7BZTZ4A;
					};
				};
			};
			buildConfigurationList = A1B6BD8E1F65348F007BA46B /* Build configuration list for PBXProject "pterakTestAssignment" */;
			compatibilityVersion = "Xcode 3.2";
			developmentRegion = English;
			hasScannedForEncodings = 0;
			knownRegions = (
				en,
				Base,
			);
			mainGroup = A1B6BD8A1F65348F007BA46B;
			productRefGroup = A1B6BD941F653490007BA46B /* Products */;
			projectDirPath = "";
			projectRoot = "";
			targets = (
				A1B6BD921F65348F007BA46B /* pterakTestAssignment */,
			);
		};
/* End PBXProject section */

/* Begin PBXResourcesBuildPhase section */
		A1B6BD911F65348F007BA46B /* Resources */ = {
			isa = PBXResourcesBuildPhase;
			buildActionMask = 2147483647;
			files = (
				A1B6BDA91F653490007BA46B /* LaunchScreen.storyboard in Resources */,
				A18B36E81F68C8BD00D034D8 /* images.jpeg in Resources */,
				A1B6BDA61F653490007BA46B /* Assets.xcassets in Resources */,
				A1B6BDA11F653490007BA46B /* Main.storyboard in Resources */,
			);
			runOnlyForDeploymentPostprocessing = 0;
		};
/* End PBXResourcesBuildPhase section */

/* Begin PBXSourcesBuildPhase section */
		A1B6BD8F1F65348F007BA46B /* Sources */ = {
			isa = PBXSourcesBuildPhase;
			buildActionMask = 2147483647;
			files = (
				A1B6BDB21F653AB1007BA46B /* CoreDataBaseClass.m in Sources */,
				A14D6A8E1F6821C300E91C4A /* Feeds.m in Sources */,
				A1B6BD9E1F653490007BA46B /* ViewController.m in Sources */,
				A1B6BDBB1F655248007BA46B /* Reachability.m in Sources */,
				A14D6A8D1F6821C300E91C4A /* Feeds+CoreDataProperties.m in Sources */,
				A1B6BD9B1F653490007BA46B /* AppDelegate.m in Sources */,
				A1B6BD981F653490007BA46B /* main.m in Sources */,
				A14D6A991F685C7700E91C4A /* CollectionItemOneCell.m in Sources */,
				A14D6A911F6828B400E91C4A /* ServiceManagerClass.m in Sources */,
				A1B6BDA41F653490007BA46B /* pterakTestAssignment.xcdatamodeld in Sources */,
			);
			runOnlyForDeploymentPostprocessing = 0;
		};
/* End PBXSourcesBuildPhase section */

/* Begin PBXVariantGroup section */
		A1B6BD9F1F653490007BA46B /* Main.storyboard */ = {
			isa = PBXVariantGroup;
			children = (
				A1B6BDA01F653490007BA46B /* Base */,
			);
			name = Main.storyboard;
			sourceTree = "<group>";
		};
		A1B6BDA71F653490007BA46B /* LaunchScreen.storyboard */ = {
			isa = PBXVariantGroup;
			children = (
				A1B6BDA81F653490007BA46B /* Base */,
			);
			name = LaunchScreen.storyboard;
			sourceTree = "<group>";
		};
/* End PBXVariantGroup section */

/* Begin XCBuildConfiguration section */
		A1B6BDAB1F653490007BA46B /* Debug */ = {
			isa = XCBuildConfiguration;
			buildSettings = {
				ALWAYS_SEARCH_USER_PATHS = NO;
				CLANG_CXX_LANGUAGE_STANDARD = "gnu++0x";
				CLANG_CXX_LIBRARY = "libc++";
				CLANG_ENABLE_MODULES = YES;
				CLANG_ENABLE_OBJC_ARC = YES;
				CLANG_WARN_BOOL_CONVERSION = YES;
				CLANG_WARN_CONSTANT_CONVERSION = YES;
				CLANG_WARN_DIRECT_OBJC_ISA_USAGE = YES_ERROR;
				CLANG_WARN_EMPTY_BODY = YES;
				CLANG_WARN_ENUM_CONVERSION = YES;
				CLANG_WARN_INT_CONVERSION = YES;
				CLANG_WARN_OBJC_ROOT_CLASS = YES_ERROR;
				CLANG_WARN_UNREACHABLE_CODE = YES;
				CLANG_WARN__DUPLICATE_METHOD_MATCH = YES;
				"CODE_SIGN_IDENTITY[sdk=iphoneos*]" = "iPhone Developer";
				COPY_PHASE_STRIP = NO;
				DEBUG_INFORMATION_FORMAT = dwarf;
				ENABLE_STRICT_OBJC_MSGSEND = YES;
				ENABLE_TESTABILITY = YES;
				GCC_C_LANGUAGE_STANDARD = gnu99;
				GCC_DYNAMIC_NO_PIC = NO;
				GCC_NO_COMMON_BLOCKS = YES;
				GCC_OPTIMIZATION_LEVEL = 0;
				GCC_PREPROCESSOR_DEFINITIONS = (
					"DEBUG=1",
					"$(inherited)",
				);
				GCC_WARN_64_TO_32_BIT_CONVERSION = YES;
				GCC_WARN_ABOUT_RETURN_TYPE = YES_ERROR;
				GCC_WARN_UNDECLARED_SELECTOR = YES;
				GCC_WARN_UNINITIALIZED_AUTOS = YES_AGGRESSIVE;
				GCC_WARN_UNUSED_FUNCTION = YES;
				GCC_WARN_UNUSED_VARIABLE = YES;
				IPHONEOS_DEPLOYMENT_TARGET = 9.2;
				MTL_ENABLE_DEBUG_INFO = YES;
				ONLY_ACTIVE_ARCH = YES;
				SDKROOT = iphoneos;
			};
			name = Debug;
		};
		A1B6BDAC1F653490007BA46B /* Release */ = {
			isa = XCBuildConfiguration;
			buildSettings = {
				ALWAYS_SEARCH_USER_PATHS = NO;
				CLANG_CXX_LANGUAGE_STANDARD = "gnu++0x";
				CLANG_CXX_LIBRARY = "libc++";
				CLANG_ENABLE_MODULES = YES;
				CLANG_ENABLE_OBJC_ARC = YES;
				CLANG_WARN_BOOL_CONVERSION = YES;
				CLANG_WARN_CONSTANT_CONVERSION = YES;
				CLANG_WARN_DIRECT_OBJC_ISA_USAGE = YES_ERROR;
				CLANG_WARN_EMPTY_BODY = YES;
				CLANG_WARN_ENUM_CONVERSION = YES;
				CLANG_WARN_INT_CONVERSION = YES;
				CLANG_WARN_OBJC_ROOT_CLASS = YES_ERROR;
				CLANG_WARN_UNREACHABLE_CODE = YES;
				CLANG_WARN__DUPLICATE_METHOD_MATCH = YES;
				"CODE_SIGN_IDENTITY[sdk=iphoneos*]" = "iPhone Developer";
				COPY_PHASE_STRIP = NO;
				DEBUG_INFORMATION_FORMAT = "dwarf-with-dsym";
				ENABLE_NS_ASSERTIONS = NO;
				ENABLE_STRICT_OBJC_MSGSEND = YES;
				GCC_C_LANGUAGE_STANDARD = gnu99;
				GCC_NO_COMMON_BLOCKS = YES;
				GCC_WARN_64_TO_32_BIT_CONVERSION = YES;
				GCC_WARN_ABOUT_RETURN_TYPE = YES_ERROR;
				GCC_WARN_UNDECLARED_SELECTOR = YES;
				GCC_WARN_UNINITIALIZED_AUTOS = YES_AGGRESSIVE;
				GCC_WARN_UNUSED_FUNCTION = YES;
				GCC_WARN_UNUSED_VARIABLE = YES;
				IPHONEOS_DEPLOYMENT_TARGET = 9.2;
				MTL_ENABLE_DEBUG_INFO = NO;
				SDKROOT = iphoneos;
				VALIDATE_PRODUCT = YES;
			};
			name = Release;
		};
		A1B6BDAE1F653490007BA46B /* Debug */ = {
			isa = XCBuildConfiguration;
			buildSettings = {
				ASSETCATALOG_COMPILER_APPICON_NAME = AppIcon;
				FRAMEWORK_SEARCH_PATHS = (
					"$(inherited)",
					"$(PROJECT_DIR)/pterakTestAssignment/SDWebImageView",
					"$(PROJECT_DIR)",
				);
				HEADER_SEARCH_PATHS = "$(SRCROOT)/SDWebImage";
				INFOPLIST_FILE = pterakTestAssignment/Info.plist;
				LD_RUNPATH_SEARCH_PATHS = "$(inherited) @executable_path/Frameworks";
				OTHER_LDFLAGS = "";
				PRODUCT_BUNDLE_IDENTIFIER = com.prerak.testAssignment.pterakTestAssignment;
				PRODUCT_NAME = "$(TARGET_NAME)";
			};
			name = Debug;
		};
		A1B6BDAF1F653490007BA46B /* Release */ = {
			isa = XCBuildConfiguration;
			buildSettings = {
				ASSETCATALOG_COMPILER_APPICON_NAME = AppIcon;
				FRAMEWORK_SEARCH_PATHS = (
					"$(inherited)",
					"$(PROJECT_DIR)/pterakTestAssignment/SDWebImageView",
					"$(PROJECT_DIR)",
				);
				HEADER_SEARCH_PATHS = "$(SRCROOT)/SDWebImage";
				INFOPLIST_FILE = pterakTestAssignment/Info.plist;
				LD_RUNPATH_SEARCH_PATHS = "$(inherited) @executable_path/Frameworks";
				OTHER_LDFLAGS = "";
				PRODUCT_BUNDLE_IDENTIFIER = com.prerak.testAssignment.pterakTestAssignment;
				PRODUCT_NAME = "$(TARGET_NAME)";
			};
			name = Release;
		};
/* End XCBuildConfiguration section */

/* Begin XCConfigurationList section */
		A1B6BD8E1F65348F007BA46B /* Build configuration list for PBXProject "pterakTestAssignment" */ = {
			isa = XCConfigurationList;
			buildConfigurations = (
				A1B6BDAB1F653490007BA46B /* Debug */,
				A1B6BDAC1F653490007BA46B /* Release */,
			);
			defaultConfigurationIsVisible = 0;
			defaultConfigurationName = Release;
		};
		A1B6BDAD1F653490007BA46B /* Build configuration list for PBXNativeTarget "pterakTestAssignment" */ = {
			isa = XCConfigurationList;
			buildConfigurations = (
				A1B6BDAE1F653490007BA46B /* Debug */,
				A1B6BDAF1F653490007BA46B /* Release */,
			);
			defaultConfigurationIsVisible = 0;
			defaultConfigurationName = Release;
		};
/* End XCConfigurationList section */

/* Begin XCVersionGroup section */
		A1B6BDA21F653490007BA46B /* pterakTestAssignment.xcdatamodeld */ = {
			isa = XCVersionGroup;
			children = (
				A1B6BDA31F653490007BA46B /* pterakTestAssignment.xcdatamodel */,
			);
			currentVersion = A1B6BDA31F653490007BA46B /* pterakTestAssignment.xcdatamodel */;
			path = pterakTestAssignment.xcdatamodeld;
			sourceTree = "<group>";
			versionGroupType = wrapper.xcdatamodel;
		};
/* End XCVersionGroup section */
	};
	rootObject = A1B6BD8B1F65348F007BA46B /* Project object */;
}
