// !$*UTF8*$!
{
	archiveVersion = 1;
	classes = {
	};
	objectVersion = 46;
	objects = {

/* Begin PBXBuildFile section */
		A1B6BD981F653490007BA46B /* main.m in Sources */ = {isa = PBXBuildFile; fileRef = A1B6BD971F653490007BA46B /* main.m */; };
		A1B6BD9B1F653490007BA46B /* AppDelegate.m in Sources */ = {isa = PBXBuildFile; fileRef = A1B6BD9A1F653490007BA46B /* AppDelegate.m */; };
		A1B6BD9E1F653490007BA46B /* ViewController.m in Sources */ = {isa = PBXBuildFile; fileRef = A1B6BD9D1F653490007BA46B /* ViewController.m */; };
		A1B6BDA11F653490007BA46B /* Main.storyboard in Resources */ = {isa = PBXBuildFile; fileRef = A1B6BD9F1F653490007BA46B /* Main.storyboard */; };
		A1B6BDA41F653490007BA46B /* pterakTestAssignment.xcdatamodeld in Sources */ = {isa = PBXBuildFile; fileRef = A1B6BDA21F653490007BA46B /* pterakTestAssignment.xcdatamodeld */; };
		A1B6BDA61F653490007BA46B /* Assets.xcassets in Resources */ = {isa = PBXBuildFile; fileRef = A1B6BDA51F653490007BA46B /* Assets.xcassets */; };
		A1B6BDA91F653490007BA46B /* LaunchScreen.storyboard in Resources */ = {isa = PBXBuildFile; fileRef = A1B6BDA71F653490007BA46B /* LaunchScreen.storyboard */; };
/* End PBXBuildFile section */

/* Begin PBXFileReference section */
		A1B6BD931F653490007BA46B /* pterakTestAssignment.app */ = {isa = PBXFileReference; explicitFileType = wrapper.application; includeInIndex = 0; path = pterakTestAssignment.app; sourceTree = BUILT_PRODUCTS_DIR; };
		A1B6BD971F653490007BA46B /* main.m */ = {isa = PBXFileReference; lastKnownFileType = sourcecode.c.objc; path = main.m; sourceTree = "<group>"; };
		A1B6BD991F653490007BA46B /* AppDelegate.h */ = {isa = PBXFileReference; lastKnownFileType = sourcecode.c.h; path = AppDelegate.h; sourceTree = "<group>"; };
		A1B6BD9A1F653490007BA46B /* AppDelegate.m */ = {isa = PBXFileReference; lastKnownFileType = sourcecode.c.objc; path = AppDelegate.m; sourceTree = "<group>"; };
		A1B6BD9C1F653490007BA46B /* ViewController.h */ = {isa = PBXFileReference; lastKnownFileType = sourcecode.c.h; path = ViewController.h; sourceTree = "<group>"; };
		A1B6BD9D1F653490007BA46B /* ViewController.m */ = {isa = PBXFileReference; lastKnownFileType = sourcecode.c.objc; path = ViewController.m; sourceTree = "<group>"; };
		A1B6BDA01F653490007BA46B /* Base */ = {isa = PBXFileReference; lastKnownFileType = file.storyboard; name = Base; path = Base.lproj/Main.storyboard; sourceTree = "<group>"; };
		A1B6BDA31F653490007BA46B /* pterakTestAssignment.xcdatamodel */ = {isa = PBXFileReference; lastKnownFileType = wrapper.xcdatamodel; path = pterakTestAssignment.xcdatamodel; sourceTree = "<group>"; };
		A1B6BDA51F653490007BA46B /* Assets.xcassets */ = {isa = PBXFileReference; lastKnownFileType = folder.assetcatalog; path = Assets.xcassets; sourceTree = "<group>"; };
		A1B6BDA81F653490007BA46B /* Base */ = {isa = PBXFileReference; lastKnownFileType = file.storyboard; name = Base; path = Base.lproj/LaunchScreen.storyboard; sourceTree = "<group>"; };
		A1B6BDAA1F653490007BA46B /* Info.plist */ = {isa = PBXFileReference; lastKnownFileType = text.plist.xml; path = Info.plist; sourceTree = "<group>"; };
/* End PBXFileReference section */

/* Begin PBXFrameworksBuildPhase section */
		A1B6BD901F65348F007BA46B /* Frameworks */ = {
			isa = PBXFrameworksBuildPhase;
			buildActionMask = 2147483647;
			files = (
			);
			runOnlyForDeploymentPostprocessing = 0;
		};
/* End PBXFrameworksBuildPhase section */

/* Begin PBXGroup section */
		A1B6BD8A1F65348F007BA46B = {
			isa = PBXGroup;
			children = (
				A1B6BD951F653490007BA46B /* pterakTestAssignment */,
				A1B6BD941F653490007BA46B /* Products */,
			);
			sourceTree = "<group>";
		};
		A1B6BD941F653490007BA46B /* Products */ = {
			isa = PBXGroup;
			children = (
				A1B6BD931F653490007BA46B /* pterakTestAssignment.app */,
			);
			name = Products;
			sourceTree = "<group>";
		};
		A1B6BD951F653490007BA46B /* pterakTestAssignment */ = {
			isa = PBXGroup;
			children = (
				A1B6BD991F653490007BA46B /* AppDelegate.h */,
				A1B6BD9A1F653490007BA46B /* AppDelegate.m */,
				A1B6BD9C1F653490007BA46B /* ViewController.h */,
				A1B6BD9D1F653490007BA46B /* ViewController.m */,
				A1B6BD9F1F653490007BA46B /* Main.storyboard */,
				A1B6BDA51F653490007BA46B /* Assets.xcassets */,
				A1B6BDA71F653490007BA46B /* LaunchScreen.storyboard */,
				A1B6BDAA1F653490007BA46B /* Info.plist */,
				A1B6BDA21F653490007BA46B /* pterakTestAssignment.xcdatamodeld */,
				A1B6BD961F653490007BA46B /* Supporting Files */,
			);
			path = pterakTestAssignment;
			sourceTree = "<group>";
		};
		A1B6BD961F653490007BA46B /* Supporting Files */ = {
			isa = PBXGroup;
			children = (
				A1B6BD971F653490007BA46B /* main.m */,
			);
			name = "Supporting Files";
			sourceTree = "<group>";
		};
/* End PBXGroup section */

/* Begin PBXNativeTarget section */
		A1B6BD921F65348F007BA46B /* pterakTestAssignment */ = {
			isa = PBXNativeTarget;
			buildConfigurationList = A1B6BDAD1F653490007BA46B /* Build configuration list for PBXNativeTarget "pterakTestAssignment" */;
			buildPhases = (
				A1B6BD8F1F65348F007BA46B /* Sources */,
				A1B6BD901F65348F007BA46B /* Frameworks */,
				A1B6BD911F65348F007BA46B /* Resources */,
			);
			buildRules = (
			);
			dependencies = (
			);
			name = pterakTestAssignment;
			productName = pterakTestAssignment;
			productReference = A1B6BD931F653490007BA46B /* pterakTestAssignment.app */;
			productType = "com.apple.product-type.application";
		};
/* End PBXNativeTarget section */

/* Begin PBXProject section */
		A1B6BD8B1F65348F007BA46B /* Project object */ = {
			isa = PBXProject;
			attributes = {
				LastUpgradeCheck = 0720;
				ORGANIZATIONNAME = "Prerak Thakkar";
				TargetAttributes = {
					A1B6BD921F65348F007BA46B = {
						CreatedOnToolsVersion = 7.2.1;
						DevelopmentTeam = BQT7BZTZ4A;
					};
				};
			};
			buildConfigurationList = A1B6BD8E1F65348F007BA46B /* Build configuration list for PBXProject "pterakTestAssignment" */;
			compatibilityVersion = "Xcode 3.2";
			developmentRegion = English;
			hasScannedForEncodings = 0;
			knownRegions = (
				en,
				Base,
			);
			mainGroup = A1B6BD8A1F65348F007BA46B;
			productRefGroup = A1B6BD941F653490007BA46B /* Products */;
			projectDirPath = "";
			projectRoot = "";
			targets = (
				A1B6BD921F65348F007BA46B /* pterakTestAssignment */,
			);
		};
/* End PBXProject section */

/* Begin PBXResourcesBuildPhase section */
		A1B6BD911F65348F007BA46B /* Resources */ = {
			isa = PBXResourcesBuildPhase;
			buildActionMask = 2147483647;
			files = (
				A1B6BDA91F653490007BA46B /* LaunchScreen.storyboard in Resources */,
				A1B6BDA61F653490007BA46B /* Assets.xcassets in Resources */,
				A1B6BDA11F653490007BA46B /* Main.storyboard in Resources */,
			);
			runOnlyForDeploymentPostprocessing = 0;
		};
/* End PBXResourcesBuildPhase section */

/* Begin PBXSourcesBuildPhase section */
		A1B6BD8F1F65348F007BA46B /* Sources */ = {
			isa = PBXSourcesBuildPhase;
			buildActionMask = 2147483647;
			files = (
				A1B6BD9E1F653490007BA46B /* ViewController.m in Sources */,
				A1B6BD9B1F653490007BA46B /* AppDelegate.m in Sources */,
				A1B6BD981F653490007BA46B /* main.m in Sources */,
				A1B6BDA41F653490007BA46B /* pterakTestAssignment.xcdatamodeld in Sources */,
			);
			runOnlyForDeploymentPostprocessing = 0;
		};
/* End PBXSourcesBuildPhase section */

/* Begin PBXVariantGroup section */
		A1B6BD9F1F653490007BA46B /* Main.storyboard */ = {
			isa = PBXVariantGroup;
			children = (
				A1B6BDA01F653490007BA46B /* Base */,
			);
			name = Main.storyboard;
			sourceTree = "<group>";
		};
		A1B6BDA71F653490007BA46B /* LaunchScreen.storyboard */ = {
			isa = PBXVariantGroup;
			children = (
				A1B6BDA81F653490007BA46B /* Base */,
			);
			name = LaunchScreen.storyboard;
			sourceTree = "<group>";
		};
/* End PBXVariantGroup section */

/* Begin XCBuildConfiguration section */
		A1B6BDAB1F653490007BA46B /* Debug */ = {
			isa = XCBuildConfiguration;
			buildSettings = {
				ALWAYS_SEARCH_USER_PATHS = NO;
				CLANG_CXX_LANGUAGE_STANDARD = "gnu++0x";
				CLANG_CXX_LIBRARY = "libc++";
				CLANG_ENABLE_MODULES = YES;
				CLANG_ENABLE_OBJC_ARC = YES;
				CLANG_WARN_BOOL_CONVERSION = YES;
				CLANG_WARN_CONSTANT_CONVERSION = YES;
				CLANG_WARN_DIRECT_OBJC_ISA_USAGE = YES_ERROR;
				CLANG_WARN_EMPTY_BODY = YES;
				CLANG_WARN_ENUM_CONVERSION = YES;
				CLANG_WARN_INT_CONVERSION = YES;
				CLANG_WARN_OBJC_ROOT_CLASS = YES_ERROR;
				CLANG_WARN_UNREACHABLE_CODE = YES;
				CLANG_WARN__DUPLICATE_METHOD_MATCH = YES;
				"CODE_SIGN_IDENTITY[sdk=iphoneos*]" = "iPhone Developer";
				COPY_PHASE_STRIP = NO;
				DEBUG_INFORMATION_FORMAT = dwarf;
				ENABLE_STRICT_OBJC_MSGSEND = YES;
				ENABLE_TESTABILITY = YES;
				GCC_C_LANGUAGE_STANDARD = gnu99;
				GCC_DYNAMIC_NO_PIC = NO;
				GCC_NO_COMMON_BLOCKS = YES;
				GCC_OPTIMIZATION_LEVEL = 0;
				GCC_PREPROCESSOR_DEFINITIONS = (
					"DEBUG=1",
					"$(inherited)",
				);
				GCC_WARN_64_TO_32_BIT_CONVERSION = YES;
				GCC_WARN_ABOUT_RETURN_TYPE = YES_ERROR;
				GCC_WARN_UNDECLARED_SELECTOR = YES;
				GCC_WARN_UNINITIALIZED_AUTOS = YES_AGGRESSIVE;
				GCC_WARN_UNUSED_FUNCTION = YES;
				GCC_WARN_UNUSED_VARIABLE = YES;
				IPHONEOS_DEPLOYMENT_TARGET = 9.2;
				MTL_ENABLE_DEBUG_INFO = YES;
				ONLY_ACTIVE_ARCH = YES;
				SDKROOT = iphoneos;
			};
			name = Debug;
		};
		A1B6BDAC1F653490007BA46B /* Release */ = {
			isa = XCBuildConfiguration;
			buildSettings = {
				ALWAYS_SEARCH_USER_PATHS = NO;
				CLANG_CXX_LANGUAGE_STANDARD = "gnu++0x";
				CLANG_CXX_LIBRARY = "libc++";
				CLANG_ENABLE_MODULES = YES;
				CLANG_ENABLE_OBJC_ARC = YES;
				CLANG_WARN_BOOL_CONVERSION = YES;
				CLANG_WARN_CONSTANT_CONVERSION = YES;
				CLANG_WARN_DIRECT_OBJC_ISA_USAGE = YES_ERROR;
				CLANG_WARN_EMPTY_BODY = YES;
				CLANG_WARN_ENUM_CONVERSION = YES;
				CLANG_WARN_INT_CONVERSION = YES;
				CLANG_WARN_OBJC_ROOT_CLASS = YES_ERROR;
				CLANG_WARN_UNREACHABLE_CODE = YES;
				CLANG_WARN__DUPLICATE_METHOD_MATCH = YES;
				"CODE_SIGN_IDENTITY[sdk=iphoneos*]" = "iPhone Developer";
				COPY_PHASE_STRIP = NO;
				DEBUG_INFORMATION_FORMAT = "dwarf-with-dsym";
				ENABLE_NS_ASSERTIONS = NO;
				ENABLE_STRICT_OBJC_MSGSEND = YES;
				GCC_C_LANGUAGE_STANDARD = gnu99;
				GCC_NO_COMMON_BLOCKS = YES;
				GCC_WARN_64_TO_32_BIT_CONVERSION = YES;
				GCC_WARN_ABOUT_RETURN_TYPE = YES_ERROR;
				GCC_WARN_UNDECLARED_SELECTOR = YES;
				GCC_WARN_UNINITIALIZED_AUTOS = YES_AGGRESSIVE;
				GCC_WARN_UNUSED_FUNCTION = YES;
				GCC_WARN_UNUSED_VARIABLE = YES;
				IPHONEOS_DEPLOYMENT_TARGET = 9.2;
				MTL_ENABLE_DEBUG_INFO = NO;
				SDKROOT = iphoneos;
				VALIDATE_PRODUCT = YES;
			};
			name = Release;
		};
		A1B6BDAE1F653490007BA46B /* Debug */ = {
			isa = XCBuildConfiguration;
			buildSettings = {
				ASSETCATALOG_COMPILER_APPICON_NAME = AppIcon;
				INFOPLIST_FILE = pterakTestAssignment/Info.plist;
				LD_RUNPATH_SEARCH_PATHS = "$(inherited) @executable_path/Frameworks";
				PRODUCT_BUNDLE_IDENTIFIER = com.prerak.testAssignment.pterakTestAssignment;
				PRODUCT_NAME = "$(TARGET_NAME)";
			};
			name = Debug;
		};
		A1B6BDAF1F653490007BA46B /* Release */ = {
			isa = XCBuildConfiguration;
			buildSettings = {
				ASSETCATALOG_COMPILER_APPICON_NAME = AppIcon;
				INFOPLIST_FILE = pterakTestAssignment/Info.plist;
				LD_RUNPATH_SEARCH_PATHS = "$(inherited) @executable_path/Frameworks";
				PRODUCT_BUNDLE_IDENTIFIER = com.prerak.testAssignment.pterakTestAssignment;
				PRODUCT_NAME = "$(TARGET_NAME)";
			};
			name = Release;
		};
/* End XCBuildConfiguration section */

/* Begin XCConfigurationList section */
		A1B6BD8E1F65348F007BA46B /* Build configuration list for PBXProject "pterakTestAssignment" */ = {
			isa = XCConfigurationList;
			buildConfigurations = (
				A1B6BDAB1F653490007BA46B /* Debug */,
				A1B6BDAC1F653490007BA46B /* Release */,
			);
			defaultConfigurationIsVisible = 0;
			defaultConfigurationName = Release;
		};
		A1B6BDAD1F653490007BA46B /* Build configuration list for PBXNativeTarget "pterakTestAssignment" */ = {
			isa = XCConfigurationList;
			buildConfigurations = (
				A1B6BDAE1F653490007BA46B /* Debug */,
				A1B6BDAF1F653490007BA46B /* Release */,
			);
			defaultConfigurationIsVisible = 0;
		};
/* End XCConfigurationList section */

/* Begin XCVersionGroup section */
		A1B6BDA21F653490007BA46B /* pterakTestAssignment.xcdatamodeld */ = {
			isa = XCVersionGroup;
			children = (
				A1B6BDA31F653490007BA46B /* pterakTestAssignment.xcdatamodel */,
			);
			currentVersion = A1B6BDA31F653490007BA46B /* pterakTestAssignment.xcdatamodel */;
			path = pterakTestAssignment.xcdatamodeld;
			sourceTree = "<group>";
			versionGroupType = wrapper.xcdatamodel;
		};
/* End XCVersionGroup section */
	};
	rootObject = A1B6BD8B1F65348F007BA46B /* Project object */;
}
